
Microsoft Visual Studio Solution File, Format Version 12.00
Project("{FAE04EC0-301F-11D3-BF4B-00C04F79EFBC}") = "EasyApplyAPI", "EasyApplyAPI\EasyApplyAPI.csproj", "{A536F3FD-DE16-4CAA-A2DF-CFFD7E1AF790}"
EndProject
Project("{FAE04EC0-301F-11D3-BF4B-00C04F79EFBC}") = "EasyApply.Core", "EasyApply.Core\EasyApply.Core.csproj", "{2AA7CB0F-A2C3-46E5-AD14-D2A4DD3D2D58}"
EndProject
Project("{FAE04EC0-301F-11D3-BF4B-00C04F79EFBC}") = "EasyApply.Infrastructure", "EasyApply.Infrastructure\EasyApply.Infrastructure.csproj", "{A8F86EE7-4E7D-4E0C-B988-42628BCB3A14}"
EndProject
Global
	GlobalSection(SolutionConfigurationPlatforms) = preSolution
		Debug|Any CPU = Debug|Any CPU
		Debug|x64 = Debug|x64
		Debug|x86 = Debug|x86
		Release|Any CPU = Release|Any CPU
		Release|x64 = Release|x64
		Release|x86 = Release|x86
	EndGlobalSection
	GlobalSection(ProjectConfigurationPlatforms) = postSolution
		{A536F3FD-DE16-4CAA-A2DF-CFFD7E1AF790}.Debug|Any CPU.ActiveCfg = Debug|Any CPU
		{A536F3FD-DE16-4CAA-A2DF-CFFD7E1AF790}.Debug|Any CPU.Build.0 = Debug|Any CPU
		{A536F3FD-DE16-4CAA-A2DF-CFFD7E1AF790}.Debug|x64.ActiveCfg = Debug|Any CPU
		{A536F3FD-DE16-4CAA-A2DF-CFFD7E1AF790}.Debug|x64.Build.0 = Debug|Any CPU
		{A536F3FD-DE16-4CAA-A2DF-CFFD7E1AF790}.Debug|x86.ActiveCfg = Debug|Any CPU
		{A536F3FD-DE16-4CAA-A2DF-CFFD7E1AF790}.Debug|x86.Build.0 = Debug|Any CPU
		{A536F3FD-DE16-4CAA-A2DF-CFFD7E1AF790}.Release|Any CPU.ActiveCfg = Release|Any CPU
		{A536F3FD-DE16-4CAA-A2DF-CFFD7E1AF790}.Release|Any CPU.Build.0 = Release|Any CPU
		{A536F3FD-DE16-4CAA-A2DF-CFFD7E1AF790}.Release|x64.ActiveCfg = Release|Any CPU
		{A536F3FD-DE16-4CAA-A2DF-CFFD7E1AF790}.Release|x64.Build.0 = Release|Any CPU
		{A536F3FD-DE16-4CAA-A2DF-CFFD7E1AF790}.Release|x86.ActiveCfg = Release|Any CPU
		{A536F3FD-DE16-4CAA-A2DF-CFFD7E1AF790}.Release|x86.Build.0 = Release|Any CPU
		{2AA7CB0F-A2C3-46E5-AD14-D2A4DD3D2D58}.Debug|Any CPU.ActiveCfg = Debug|Any CPU
		{2AA7CB0F-A2C3-46E5-AD14-D2A4DD3D2D58}.Debug|Any CPU.Build.0 = Debug|Any CPU
		{2AA7CB0F-A2C3-46E5-AD14-D2A4DD3D2D58}.Debug|x64.ActiveCfg = Debug|Any CPU
		{2AA7CB0F-A2C3-46E5-AD14-D2A4DD3D2D58}.Debug|x64.Build.0 = Debug|Any CPU
		{2AA7CB0F-A2C3-46E5-AD14-D2A4DD3D2D58}.Debug|x86.ActiveCfg = Debug|Any CPU
		{2AA7CB0F-A2C3-46E5-AD14-D2A4DD3D2D58}.Debug|x86.Build.0 = Debug|Any CPU
		{2AA7CB0F-A2C3-46E5-AD14-D2A4DD3D2D58}.Release|Any CPU.ActiveCfg = Release|Any CPU
		{2AA7CB0F-A2C3-46E5-AD14-D2A4DD3D2D58}.Release|Any CPU.Build.0 = Release|Any CPU
		{2AA7CB0F-A2C3-46E5-AD14-D2A4DD3D2D58}.Release|x64.ActiveCfg = Release|Any CPU
		{2AA7CB0F-A2C3-46E5-AD14-D2A4DD3D2D58}.Release|x64.Build.0 = Release|Any CPU
		{2AA7CB0F-A2C3-46E5-AD14-D2A4DD3D2D58}.Release|x86.ActiveCfg = Release|Any CPU
		{2AA7CB0F-A2C3-46E5-AD14-D2A4DD3D2D58}.Release|x86.Build.0 = Release|Any CPU
		{A8F86EE7-4E7D-4E0C-B988-42628BCB3A14}.Debug|Any CPU.ActiveCfg = Debug|Any CPU
		{A8F86EE7-4E7D-4E0C-B988-42628BCB3A14}.Debug|Any CPU.Build.0 = Debug|Any CPU
		{A8F86EE7-4E7D-4E0C-B988-42628BCB3A14}.Debug|x64.ActiveCfg = Debug|Any CPU
		{A8F86EE7-4E7D-4E0C-B988-42628BCB3A14}.Debug|x64.Build.0 = Debug|Any CPU
		{A8F86EE7-4E7D-4E0C-B988-42628BCB3A14}.Debug|x86.ActiveCfg = Debug|Any CPU
		{A8F86EE7-4E7D-4E0C-B988-42628BCB3A14}.Debug|x86.Build.0 = Debug|Any CPU
		{A8F86EE7-4E7D-4E0C-B988-42628BCB3A14}.Release|Any CPU.ActiveCfg = Release|Any CPU
		{A8F86EE7-4E7D-4E0C-B988-42628BCB3A14}.Release|Any CPU.Build.0 = Release|Any CPU
		{A8F86EE7-4E7D-4E0C-B988-42628BCB3A14}.Release|x64.ActiveCfg = Release|Any CPU
		{A8F86EE7-4E7D-4E0C-B988-42628BCB3A14}.Release|x64.Build.0 = Release|Any CPU
		{A8F86EE7-4E7D-4E0C-B988-42628BCB3A14}.Release|x86.ActiveCfg = Release|Any CPU
		{A8F86EE7-4E7D-4E0C-B988-42628BCB3A14}.Release|x86.Build.0 = Release|Any CPU
	EndGlobalSection
	GlobalSection(SolutionProperties) = preSolution
		HideSolutionNode = FALSE
	EndGlobalSection
EndGlobal
